
Microsoft Visual Studio Solution File, Format Version 12.00
# Visual Studio 2015
Project("{FAE04EC0-301F-11D3-BF4B-00C04F79EFBC}") = "DesertShooterVR.CSharp.Plugins", "DesertShooterVR.CSharp.Plugins.csproj", "{05D6BD42-0350-5072-24C9-C1F9AE6215EB}"
EndProject
Project("{FAE04EC0-301F-11D3-BF4B-00C04F79EFBC}") = "DesertShooterVR.CSharp", "DesertShooterVR.CSharp.csproj", "{A4F0A13B-333C-A4E8-D11B-70BA72F90445}"
EndProject
Project("{FAE04EC0-301F-11D3-BF4B-00C04F79EFBC}") = "DesertShooterVR.CSharp.Editor", "DesertShooterVR.CSharp.Editor.csproj", "{BC577E78-381F-E26A-00A1-DBEF69720AA4}"
EndProject
Global
	GlobalSection(SolutionConfigurationPlatforms) = preSolution
		Debug|Any CPU = Debug|Any CPU
		Release|Any CPU = Release|Any CPU
	EndGlobalSection
	GlobalSection(ProjectConfigurationPlatforms) = postSolution
		{05D6BD42-0350-5072-24C9-C1F9AE6215EB}.Debug|Any CPU.ActiveCfg = Debug|Any CPU
		{05D6BD42-0350-5072-24C9-C1F9AE6215EB}.Debug|Any CPU.Build.0 = Debug|Any CPU
		{05D6BD42-0350-5072-24C9-C1F9AE6215EB}.Release|Any CPU.ActiveCfg = Release|Any CPU
		{05D6BD42-0350-5072-24C9-C1F9AE6215EB}.Release|Any CPU.Build.0 = Release|Any CPU
		{A4F0A13B-333C-A4E8-D11B-70BA72F90445}.Debug|Any CPU.ActiveCfg = Debug|Any CPU
		{A4F0A13B-333C-A4E8-D11B-70BA72F90445}.Debug|Any CPU.Build.0 = Debug|Any CPU
		{A4F0A13B-333C-A4E8-D11B-70BA72F90445}.Release|Any CPU.ActiveCfg = Release|Any CPU
		{A4F0A13B-333C-A4E8-D11B-70BA72F90445}.Release|Any CPU.Build.0 = Release|Any CPU
		{BC577E78-381F-E26A-00A1-DBEF69720AA4}.Debug|Any CPU.ActiveCfg = Debug|Any CPU
		{BC577E78-381F-E26A-00A1-DBEF69720AA4}.Debug|Any CPU.Build.0 = Debug|Any CPU
		{BC577E78-381F-E26A-00A1-DBEF69720AA4}.Release|Any CPU.ActiveCfg = Release|Any CPU
		{BC577E78-381F-E26A-00A1-DBEF69720AA4}.Release|Any CPU.Build.0 = Release|Any CPU
	EndGlobalSection
	GlobalSection(SolutionProperties) = preSolution
		HideSolutionNode = FALSE
	EndGlobalSection
EndGlobal
