
Microsoft Visual Studio Solution File, Format Version 12.00
# Visual Studio 15
VisualStudioVersion = 15.0.26730.12
MinimumVisualStudioVersion = 10.0.40219.1
Project("{FAE04EC0-301F-11D3-BF4B-00C04F79EFBC}") = "DesertShooterVR", "DesertShooterVR\DesertShooterVR.csproj", "{13A45C13-3265-47B8-BC48-A553B569DF55}"
EndProject
Project("{FAE04EC0-301F-11D3-BF4B-00C04F79EFBC}") = "Assembly-CSharp", "C:\Dev\Git\DesertShooterVR\Builds\UWP-MRI\GeneratedProjects\UWP\Assembly-CSharp\Assembly-CSharp.csproj", "{E9D85FB5-B86E-4CBA-8AE5-192F69086244}"
EndProject
Project("{FAE04EC0-301F-11D3-BF4B-00C04F79EFBC}") = "Assembly-CSharp-firstpass", "C:\Dev\Git\DesertShooterVR\Builds\UWP-MRI\GeneratedProjects\UWP\Assembly-CSharp-firstpass\Assembly-CSharp-firstpass.csproj", "{067A6FA4-51AF-4F09-A36A-8A1FBB74BD02}"
EndProject
Global
	GlobalSection(SolutionConfigurationPlatforms) = preSolution
		Debug|ARM = Debug|ARM
		Debug|x64 = Debug|x64
		Debug|x86 = Debug|x86
		Master|ARM = Master|ARM
		Master|x64 = Master|x64
		Master|x86 = Master|x86
		Release|ARM = Release|ARM
		Release|x64 = Release|x64
		Release|x86 = Release|x86
	EndGlobalSection
	GlobalSection(ProjectConfigurationPlatforms) = postSolution
		{13A45C13-3265-47B8-BC48-A553B569DF55}.Debug|ARM.ActiveCfg = Debug|ARM
		{13A45C13-3265-47B8-BC48-A553B569DF55}.Debug|ARM.Build.0 = Debug|ARM
		{13A45C13-3265-47B8-BC48-A553B569DF55}.Debug|ARM.Deploy.0 = Debug|ARM
		{13A45C13-3265-47B8-BC48-A553B569DF55}.Debug|x64.ActiveCfg = Debug|x64
		{13A45C13-3265-47B8-BC48-A553B569DF55}.Debug|x64.Build.0 = Debug|x64
		{13A45C13-3265-47B8-BC48-A553B569DF55}.Debug|x64.Deploy.0 = Debug|x64
		{13A45C13-3265-47B8-BC48-A553B569DF55}.Debug|x86.ActiveCfg = Debug|x86
		{13A45C13-3265-47B8-BC48-A553B569DF55}.Debug|x86.Build.0 = Debug|x86
		{13A45C13-3265-47B8-BC48-A553B569DF55}.Debug|x86.Deploy.0 = Debug|x86
		{13A45C13-3265-47B8-BC48-A553B569DF55}.Master|ARM.ActiveCfg = Master|ARM
		{13A45C13-3265-47B8-BC48-A553B569DF55}.Master|ARM.Build.0 = Master|ARM
		{13A45C13-3265-47B8-BC48-A553B569DF55}.Master|ARM.Deploy.0 = Master|ARM
		{13A45C13-3265-47B8-BC48-A553B569DF55}.Master|x64.ActiveCfg = Master|x64
		{13A45C13-3265-47B8-BC48-A553B569DF55}.Master|x64.Build.0 = Master|x64
		{13A45C13-3265-47B8-BC48-A553B569DF55}.Master|x64.Deploy.0 = Master|x64
		{13A45C13-3265-47B8-BC48-A553B569DF55}.Master|x86.ActiveCfg = Master|x86
		{13A45C13-3265-47B8-BC48-A553B569DF55}.Master|x86.Build.0 = Master|x86
		{13A45C13-3265-47B8-BC48-A553B569DF55}.Master|x86.Deploy.0 = Master|x86
		{13A45C13-3265-47B8-BC48-A553B569DF55}.Release|ARM.ActiveCfg = Release|ARM
		{13A45C13-3265-47B8-BC48-A553B569DF55}.Release|ARM.Build.0 = Release|ARM
		{13A45C13-3265-47B8-BC48-A553B569DF55}.Release|ARM.Deploy.0 = Release|ARM
		{13A45C13-3265-47B8-BC48-A553B569DF55}.Release|x64.ActiveCfg = Release|x64
		{13A45C13-3265-47B8-BC48-A553B569DF55}.Release|x64.Build.0 = Release|x64
		{13A45C13-3265-47B8-BC48-A553B569DF55}.Release|x64.Deploy.0 = Release|x64
		{13A45C13-3265-47B8-BC48-A553B569DF55}.Release|x86.ActiveCfg = Release|x86
		{13A45C13-3265-47B8-BC48-A553B569DF55}.Release|x86.Build.0 = Release|x86
		{13A45C13-3265-47B8-BC48-A553B569DF55}.Release|x86.Deploy.0 = Release|x86
		{E9D85FB5-B86E-4CBA-8AE5-192F69086244}.Debug|ARM.ActiveCfg = Debug|ARM
		{E9D85FB5-B86E-4CBA-8AE5-192F69086244}.Debug|ARM.Build.0 = Debug|ARM
		{E9D85FB5-B86E-4CBA-8AE5-192F69086244}.Debug|x64.ActiveCfg = Debug|x64
		{E9D85FB5-B86E-4CBA-8AE5-192F69086244}.Debug|x64.Build.0 = Debug|x64
		{E9D85FB5-B86E-4CBA-8AE5-192F69086244}.Debug|x86.ActiveCfg = Debug|x86
		{E9D85FB5-B86E-4CBA-8AE5-192F69086244}.Debug|x86.Build.0 = Debug|x86
		{E9D85FB5-B86E-4CBA-8AE5-192F69086244}.Master|ARM.ActiveCfg = Master|ARM
		{E9D85FB5-B86E-4CBA-8AE5-192F69086244}.Master|ARM.Build.0 = Master|ARM
		{E9D85FB5-B86E-4CBA-8AE5-192F69086244}.Master|x64.ActiveCfg = Master|x64
		{E9D85FB5-B86E-4CBA-8AE5-192F69086244}.Master|x64.Build.0 = Master|x64
		{E9D85FB5-B86E-4CBA-8AE5-192F69086244}.Master|x86.ActiveCfg = Master|x86
		{E9D85FB5-B86E-4CBA-8AE5-192F69086244}.Master|x86.Build.0 = Master|x86
		{E9D85FB5-B86E-4CBA-8AE5-192F69086244}.Release|ARM.ActiveCfg = Release|ARM
		{E9D85FB5-B86E-4CBA-8AE5-192F69086244}.Release|ARM.Build.0 = Release|ARM
		{E9D85FB5-B86E-4CBA-8AE5-192F69086244}.Release|x64.ActiveCfg = Release|x64
		{E9D85FB5-B86E-4CBA-8AE5-192F69086244}.Release|x64.Build.0 = Release|x64
		{E9D85FB5-B86E-4CBA-8AE5-192F69086244}.Release|x86.ActiveCfg = Release|x86
		{E9D85FB5-B86E-4CBA-8AE5-192F69086244}.Release|x86.Build.0 = Release|x86
		{067A6FA4-51AF-4F09-A36A-8A1FBB74BD02}.Debug|ARM.ActiveCfg = Debug|ARM
		{067A6FA4-51AF-4F09-A36A-8A1FBB74BD02}.Debug|ARM.Build.0 = Debug|ARM
		{067A6FA4-51AF-4F09-A36A-8A1FBB74BD02}.Debug|x64.ActiveCfg = Debug|x64
		{067A6FA4-51AF-4F09-A36A-8A1FBB74BD02}.Debug|x64.Build.0 = Debug|x64
		{067A6FA4-51AF-4F09-A36A-8A1FBB74BD02}.Debug|x86.ActiveCfg = Debug|x86
		{067A6FA4-51AF-4F09-A36A-8A1FBB74BD02}.Debug|x86.Build.0 = Debug|x86
		{067A6FA4-51AF-4F09-A36A-8A1FBB74BD02}.Master|ARM.ActiveCfg = Master|ARM
		{067A6FA4-51AF-4F09-A36A-8A1FBB74BD02}.Master|ARM.Build.0 = Master|ARM
		{067A6FA4-51AF-4F09-A36A-8A1FBB74BD02}.Master|x64.ActiveCfg = Master|x64
		{067A6FA4-51AF-4F09-A36A-8A1FBB74BD02}.Master|x64.Build.0 = Master|x64
		{067A6FA4-51AF-4F09-A36A-8A1FBB74BD02}.Master|x86.ActiveCfg = Master|x86
		{067A6FA4-51AF-4F09-A36A-8A1FBB74BD02}.Master|x86.Build.0 = Master|x86
		{067A6FA4-51AF-4F09-A36A-8A1FBB74BD02}.Release|ARM.ActiveCfg = Release|ARM
		{067A6FA4-51AF-4F09-A36A-8A1FBB74BD02}.Release|ARM.Build.0 = Release|ARM
		{067A6FA4-51AF-4F09-A36A-8A1FBB74BD02}.Release|x64.ActiveCfg = Release|x64
		{067A6FA4-51AF-4F09-A36A-8A1FBB74BD02}.Release|x64.Build.0 = Release|x64
		{067A6FA4-51AF-4F09-A36A-8A1FBB74BD02}.Release|x86.ActiveCfg = Release|x86
		{067A6FA4-51AF-4F09-A36A-8A1FBB74BD02}.Release|x86.Build.0 = Release|x86
	EndGlobalSection
	GlobalSection(SolutionProperties) = preSolution
		HideSolutionNode = FALSE
	EndGlobalSection
	GlobalSection(ExtensibilityGlobals) = postSolution
		SolutionGuid = {68617175-3473-4635-AA6C-07AD86D7FCCB}
	EndGlobalSection
EndGlobal
